
Microsoft Visual Studio Solution File, Format Version 12.00
# Visual Studio Version 17
VisualStudioVersion = 17.1.32210.238
MinimumVisualStudioVersion = 10.0.40219.1
Project("{9A19103F-16F7-4668-BE54-9A1E7A4F7556}") = "ShopInDBFirstDataAccessLayer", "ShopInDBFirst\ShopInDBFirstDataAccessLayer.csproj", "{9E004B5A-6CF5-43E9-83D7-B92BEE6A3011}"
EndProject
Project("{9A19103F-16F7-4668-BE54-9A1E7A4F7556}") = "ShopInDBFirst.ConsoleUI", "ShopInDBFirst.ConsoleUI\ShopInDBFirst.ConsoleUI.csproj", "{14CF86B6-76B3-4B82-90F3-017007F32DC4}"
EndProject
Project("{9A19103F-16F7-4668-BE54-9A1E7A4F7556}") = "ShopInDBServices", "ShopInDBServices\ShopInDBServices.csproj", "{CA843E3B-A876-4C25-A764-08D7BD7E425A}"
EndProject
Global
	GlobalSection(SolutionConfigurationPlatforms) = preSolution
		Debug|Any CPU = Debug|Any CPU
		Release|Any CPU = Release|Any CPU
	EndGlobalSection
	GlobalSection(ProjectConfigurationPlatforms) = postSolution
		{9E004B5A-6CF5-43E9-83D7-B92BEE6A3011}.Debug|Any CPU.ActiveCfg = Debug|Any CPU
		{9E004B5A-6CF5-43E9-83D7-B92BEE6A3011}.Debug|Any CPU.Build.0 = Debug|Any CPU
		{9E004B5A-6CF5-43E9-83D7-B92BEE6A3011}.Release|Any CPU.ActiveCfg = Release|Any CPU
		{9E004B5A-6CF5-43E9-83D7-B92BEE6A3011}.Release|Any CPU.Build.0 = Release|Any CPU
		{14CF86B6-76B3-4B82-90F3-017007F32DC4}.Debug|Any CPU.ActiveCfg = Debug|Any CPU
		{14CF86B6-76B3-4B82-90F3-017007F32DC4}.Debug|Any CPU.Build.0 = Debug|Any CPU
		{14CF86B6-76B3-4B82-90F3-017007F32DC4}.Release|Any CPU.ActiveCfg = Release|Any CPU
		{14CF86B6-76B3-4B82-90F3-017007F32DC4}.Release|Any CPU.Build.0 = Release|Any CPU
		{CA843E3B-A876-4C25-A764-08D7BD7E425A}.Debug|Any CPU.ActiveCfg = Debug|Any CPU
		{CA843E3B-A876-4C25-A764-08D7BD7E425A}.Debug|Any CPU.Build.0 = Debug|Any CPU
		{CA843E3B-A876-4C25-A764-08D7BD7E425A}.Release|Any CPU.ActiveCfg = Release|Any CPU
		{CA843E3B-A876-4C25-A764-08D7BD7E425A}.Release|Any CPU.Build.0 = Release|Any CPU
	EndGlobalSection
	GlobalSection(SolutionProperties) = preSolution
		HideSolutionNode = FALSE
	EndGlobalSection
	GlobalSection(ExtensibilityGlobals) = postSolution
		SolutionGuid = {920ED03E-F403-45D8-8181-47DF8585F496}
	EndGlobalSection
EndGlobal
